// !$*UTF8*$!
{
	archiveVersion = 1;
	classes = {
	};
	objectVersion = 46;
	objects = {

/* Begin PBXBuildFile section */
		4F163BAA1D542E7A003D44F8 /* main.m in Sources */ = {isa = PBXBuildFile; fileRef = 4F163BA91D542E7A003D44F8 /* main.m */; };
		4F163BAD1D542E7A003D44F8 /* AppDelegate.m in Sources */ = {isa = PBXBuildFile; fileRef = 4F163BAC1D542E7A003D44F8 /* AppDelegate.m */; };
		4F163BB01D542E7A003D44F8 /* ViewController.m in Sources */ = {isa = PBXBuildFile; fileRef = 4F163BAF1D542E7A003D44F8 /* ViewController.m */; };
		4F163BB31D542E7A003D44F8 /* Main.storyboard in Resources */ = {isa = PBXBuildFile; fileRef = 4F163BB11D542E7A003D44F8 /* Main.storyboard */; };
		4F163BB51D542E7A003D44F8 /* Assets.xcassets in Resources */ = {isa = PBXBuildFile; fileRef = 4F163BB41D542E7A003D44F8 /* Assets.xcassets */; };
		4F163BB81D542E7A003D44F8 /* LaunchScreen.storyboard in Resources */ = {isa = PBXBuildFile; fileRef = 4F163BB61D542E7A003D44F8 /* LaunchScreen.storyboard */; };
		4F39572E1D5829E300694EA8 /* FMDatabase.m in Sources */ = {isa = PBXBuildFile; fileRef = 4F3957231D5829E300694EA8 /* FMDatabase.m */; };
		4F39572F1D5829E300694EA8 /* FMDatabaseAdditions.m in Sources */ = {isa = PBXBuildFile; fileRef = 4F3957251D5829E300694EA8 /* FMDatabaseAdditions.m */; };
		4F3957301D5829E300694EA8 /* FMDatabasePool.m in Sources */ = {isa = PBXBuildFile; fileRef = 4F3957271D5829E300694EA8 /* FMDatabasePool.m */; };
		4F3957311D5829E300694EA8 /* FMDatabaseQueue.m in Sources */ = {isa = PBXBuildFile; fileRef = 4F3957291D5829E300694EA8 /* FMDatabaseQueue.m */; };
		4F3957321D5829E300694EA8 /* FMResultSet.m in Sources */ = {isa = PBXBuildFile; fileRef = 4F39572C1D5829E300694EA8 /* FMResultSet.m */; };
		4F3957351D582A2C00694EA8 /* libsqlite3.tbd in Frameworks */ = {isa = PBXBuildFile; fileRef = 4F3957341D582A2C00694EA8 /* libsqlite3.tbd */; };
/* End PBXBuildFile section */

/* Begin PBXFileReference section */
		4F163BA51D542E7A003D44F8 /* 练习FMDB.app */ = {isa = PBXFileReference; explicitFileType = wrapper.application; includeInIndex = 0; path = "练习FMDB.app"; sourceTree = BUILT_PRODUCTS_DIR; };
		4F163BA91D542E7A003D44F8 /* main.m */ = {isa = PBXFileReference; lastKnownFileType = sourcecode.c.objc; path = main.m; sourceTree = "<group>"; };
		4F163BAB1D542E7A003D44F8 /* AppDelegate.h */ = {isa = PBXFileReference; lastKnownFileType = sourcecode.c.h; path = AppDelegate.h; sourceTree = "<group>"; };
		4F163BAC1D542E7A003D44F8 /* AppDelegate.m */ = {isa = PBXFileReference; lastKnownFileType = sourcecode.c.objc; path = AppDelegate.m; sourceTree = "<group>"; };
		4F163BAE1D542E7A003D44F8 /* ViewController.h */ = {isa = PBXFileReference; lastKnownFileType = sourcecode.c.h; path = ViewController.h; sourceTree = "<group>"; };
		4F163BAF1D542E7A003D44F8 /* ViewController.m */ = {isa = PBXFileReference; lastKnownFileType = sourcecode.c.objc; path = ViewController.m; sourceTree = "<group>"; };
		4F163BB21D542E7A003D44F8 /* Base */ = {isa = PBXFileReference; lastKnownFileType = file.storyboard; name = Base; path = Base.lproj/Main.storyboard; sourceTree = "<group>"; };
		4F163BB41D542E7A003D44F8 /* Assets.xcassets */ = {isa = PBXFileReference; lastKnownFileType = folder.assetcatalog; path = Assets.xcassets; sourceTree = "<group>"; };
		4F163BB71D542E7A003D44F8 /* Base */ = {isa = PBXFileReference; lastKnownFileType = file.storyboard; name = Base; path = Base.lproj/LaunchScreen.storyboard; sourceTree = "<group>"; };
		4F163BB91D542E7A003D44F8 /* Info.plist */ = {isa = PBXFileReference; lastKnownFileType = text.plist.xml; path = Info.plist; sourceTree = "<group>"; };
		4F3957221D5829E300694EA8 /* FMDatabase.h */ = {isa = PBXFileReference; fileEncoding = 4; lastKnownFileType = sourcecode.c.h; path = FMDatabase.h; sourceTree = "<group>"; };
		4F3957231D5829E300694EA8 /* FMDatabase.m */ = {isa = PBXFileReference; fileEncoding = 4; lastKnownFileType = sourcecode.c.objc; path = FMDatabase.m; sourceTree = "<group>"; };
		4F3957241D5829E300694EA8 /* FMDatabaseAdditions.h */ = {isa = PBXFileReference; fileEncoding = 4; lastKnownFileType = sourcecode.c.h; path = FMDatabaseAdditions.h; sourceTree = "<group>"; };
		4F3957251D5829E300694EA8 /* FMDatabaseAdditions.m */ = {isa = PBXFileReference; fileEncoding = 4; lastKnownFileType = sourcecode.c.objc; path = FMDatabaseAdditions.m; sourceTree = "<group>"; };
		4F3957261D5829E300694EA8 /* FMDatabasePool.h */ = {isa = PBXFileReference; fileEncoding = 4; lastKnownFileType = sourcecode.c.h; path = FMDatabasePool.h; sourceTree = "<group>"; };
		4F3957271D5829E300694EA8 /* FMDatabasePool.m */ = {isa = PBXFileReference; fileEncoding = 4; lastKnownFileType = sourcecode.c.objc; path = FMDatabasePool.m; sourceTree = "<group>"; };
		4F3957281D5829E300694EA8 /* FMDatabaseQueue.h */ = {isa = PBXFileReference; fileEncoding = 4; lastKnownFileType = sourcecode.c.h; path = FMDatabaseQueue.h; sourceTree = "<group>"; };
		4F3957291D5829E300694EA8 /* FMDatabaseQueue.m */ = {isa = PBXFileReference; fileEncoding = 4; lastKnownFileType = sourcecode.c.objc; path = FMDatabaseQueue.m; sourceTree = "<group>"; };
		4F39572A1D5829E300694EA8 /* FMDB.h */ = {isa = PBXFileReference; fileEncoding = 4; lastKnownFileType = sourcecode.c.h; path = FMDB.h; sourceTree = "<group>"; };
		4F39572B1D5829E300694EA8 /* FMResultSet.h */ = {isa = PBXFileReference; fileEncoding = 4; lastKnownFileType = sourcecode.c.h; path = FMResultSet.h; sourceTree = "<group>"; };
		4F39572C1D5829E300694EA8 /* FMResultSet.m */ = {isa = PBXFileReference; fileEncoding = 4; lastKnownFileType = sourcecode.c.objc; path = FMResultSet.m; sourceTree = "<group>"; };
		4F3957341D582A2C00694EA8 /* libsqlite3.tbd */ = {isa = PBXFileReference; lastKnownFileType = "sourcecode.text-based-dylib-definition"; name = libsqlite3.tbd; path = usr/lib/libsqlite3.tbd; sourceTree = SDKROOT; };
/* End PBXFileReference section */

/* Begin PBXFrameworksBuildPhase section */
		4F163BA21D542E7A003D44F8 /* Frameworks */ = {
			isa = PBXFrameworksBuildPhase;
			buildActionMask = 2147483647;
			files = (
				4F3957351D582A2C00694EA8 /* libsqlite3.tbd in Frameworks */,
			);
			runOnlyForDeploymentPostprocessing = 0;
		};
/* End PBXFrameworksBuildPhase section */

/* Begin PBXGroup section */
		4F163B9C1D542E7A003D44F8 = {
			isa = PBXGroup;
			children = (
				4F3957341D582A2C00694EA8 /* libsqlite3.tbd */,
				4F163BA71D542E7A003D44F8 /* 练习FMDB */,
				4F163BA61D542E7A003D44F8 /* Products */,
			);
			sourceTree = "<group>";
		};
		4F163BA61D542E7A003D44F8 /* Products */ = {
			isa = PBXGroup;
			children = (
				4F163BA51D542E7A003D44F8 /* 练习FMDB.app */,
			);
			name = Products;
			sourceTree = "<group>";
		};
		4F163BA71D542E7A003D44F8 /* 练习FMDB */ = {
			isa = PBXGroup;
			children = (
				4F3957211D5829E300694EA8 /* fmdb */,
				4F163BAB1D542E7A003D44F8 /* AppDelegate.h */,
				4F163BAC1D542E7A003D44F8 /* AppDelegate.m */,
				4F163BAE1D542E7A003D44F8 /* ViewController.h */,
				4F163BAF1D542E7A003D44F8 /* ViewController.m */,
				4F163BB11D542E7A003D44F8 /* Main.storyboard */,
				4F163BB41D542E7A003D44F8 /* Assets.xcassets */,
				4F163BB61D542E7A003D44F8 /* LaunchScreen.storyboard */,
				4F163BB91D542E7A003D44F8 /* Info.plist */,
				4F163BA81D542E7A003D44F8 /* Supporting Files */,
			);
			path = "练习FMDB";
			sourceTree = "<group>";
		};
		4F163BA81D542E7A003D44F8 /* Supporting Files */ = {
			isa = PBXGroup;
			children = (
				4F163BA91D542E7A003D44F8 /* main.m */,
			);
			name = "Supporting Files";
			sourceTree = "<group>";
		};
		4F3957211D5829E300694EA8 /* fmdb */ = {
			isa = PBXGroup;
			children = (
				4F3957221D5829E300694EA8 /* FMDatabase.h */,
				4F3957231D5829E300694EA8 /* FMDatabase.m */,
				4F3957241D5829E300694EA8 /* FMDatabaseAdditions.h */,
				4F3957251D5829E300694EA8 /* FMDatabaseAdditions.m */,
				4F3957261D5829E300694EA8 /* FMDatabasePool.h */,
				4F3957271D5829E300694EA8 /* FMDatabasePool.m */,
				4F3957281D5829E300694EA8 /* FMDatabaseQueue.h */,
				4F3957291D5829E300694EA8 /* FMDatabaseQueue.m */,
				4F39572A1D5829E300694EA8 /* FMDB.h */,
				4F39572B1D5829E300694EA8 /* FMResultSet.h */,
				4F39572C1D5829E300694EA8 /* FMResultSet.m */,
			);
			path = fmdb;
			sourceTree = "<group>";
		};
/* End PBXGroup section */

/* Begin PBXNativeTarget section */
		4F163BA41D542E7A003D44F8 /* 练习FMDB */ = {
			isa = PBXNativeTarget;
			buildConfigurationList = 4F163BBC1D542E7A003D44F8 /* Build configuration list for PBXNativeTarget "练习FMDB" */;
			buildPhases = (
				4F163BA11D542E7A003D44F8 /* Sources */,
				4F163BA21D542E7A003D44F8 /* Frameworks */,
				4F163BA31D542E7A003D44F8 /* Resources */,
			);
			buildRules = (
			);
			dependencies = (
			);
			name = "练习FMDB";
			productName = "练习FMDB";
			productReference = 4F163BA51D542E7A003D44F8 /* 练习FMDB.app */;
			productType = "com.apple.product-type.application";
		};
/* End PBXNativeTarget section */

/* Begin PBXProject section */
		4F163B9D1D542E7A003D44F8 /* Project object */ = {
			isa = PBXProject;
			attributes = {
				LastUpgradeCheck = 0720;
				ORGANIZATIONNAME = huitongp2p.com;
				TargetAttributes = {
					4F163BA41D542E7A003D44F8 = {
						CreatedOnToolsVersion = 7.2.1;
						DevelopmentTeam = GHNG86Z2B3;
					};
				};
			};
			buildConfigurationList = 4F163BA01D542E7A003D44F8 /* Build configuration list for PBXProject "练习FMDB" */;
			compatibilityVersion = "Xcode 3.2";
			developmentRegion = English;
			hasScannedForEncodings = 0;
			knownRegions = (
				English,
				en,
				Base,
			);
			mainGroup = 4F163B9C1D542E7A003D44F8;
			productRefGroup = 4F163BA61D542E7A003D44F8 /* Products */;
			projectDirPath = "";
			projectRoot = "";
			targets = (
				4F163BA41D542E7A003D44F8 /* 练习FMDB */,
			);
		};
/* End PBXProject section */

/* Begin PBXResourcesBuildPhase section */
		4F163BA31D542E7A003D44F8 /* Resources */ = {
			isa = PBXResourcesBuildPhase;
			buildActionMask = 2147483647;
			files = (
				4F163BB81D542E7A003D44F8 /* LaunchScreen.storyboard in Resources */,
				4F163BB51D542E7A003D44F8 /* Assets.xcassets in Resources */,
				4F163BB31D542E7A003D44F8 /* Main.storyboard in Resources */,
			);
			runOnlyForDeploymentPostprocessing = 0;
		};
/* End PBXResourcesBuildPhase section */

/* Begin PBXSourcesBuildPhase section */
		4F163BA11D542E7A003D44F8 /* Sources */ = {
			isa = PBXSourcesBuildPhase;
			buildActionMask = 2147483647;
			files = (
				4F163BB01D542E7A003D44F8 /* ViewController.m in Sources */,
				4F3957301D5829E300694EA8 /* FMDatabasePool.m in Sources */,
				4F163BAD1D542E7A003D44F8 /* AppDelegate.m in Sources */,
				4F3957311D5829E300694EA8 /* FMDatabaseQueue.m in Sources */,
				4F163BAA1D542E7A003D44F8 /* main.m in Sources */,
				4F39572E1D5829E300694EA8 /* FMDatabase.m in Sources */,
				4F3957321D5829E300694EA8 /* FMResultSet.m in Sources */,
				4F39572F1D5829E300694EA8 /* FMDatabaseAdditions.m in Sources */,
			);
			runOnlyForDeploymentPostprocessing = 0;
		};
/* End PBXSourcesBuildPhase section */

/* Begin PBXVariantGroup section */
		4F163BB11D542E7A003D44F8 /* Main.storyboard */ = {
			isa = PBXVariantGroup;
			children = (
				4F163BB21D542E7A003D44F8 /* Base */,
			);
			name = Main.storyboard;
			sourceTree = "<group>";
		};
		4F163BB61D542E7A003D44F8 /* LaunchScreen.storyboard */ = {
			isa = PBXVariantGroup;
			children = (
				4F163BB71D542E7A003D44F8 /* Base */,
			);
			name = LaunchScreen.storyboard;
			sourceTree = "<group>";
		};
/* End PBXVariantGroup section */

/* Begin XCBuildConfiguration section */
		4F163BBA1D542E7A003D44F8 /* Debug */ = {
			isa = XCBuildConfiguration;
			buildSettings = {
				ALWAYS_SEARCH_USER_PATHS = NO;
				CLANG_CXX_LANGUAGE_STANDARD = "gnu++0x";
				CLANG_CXX_LIBRARY = "libc++";
				CLANG_ENABLE_MODULES = YES;
				CLANG_ENABLE_OBJC_ARC = YES;
				CLANG_WARN_BOOL_CONVERSION = YES;
				CLANG_WARN_CONSTANT_CONVERSION = YES;
				CLANG_WARN_DIRECT_OBJC_ISA_USAGE = YES_ERROR;
				CLANG_WARN_EMPTY_BODY = YES;
				CLANG_WARN_ENUM_CONVERSION = YES;
				CLANG_WARN_INT_CONVERSION = YES;
				CLANG_WARN_OBJC_ROOT_CLASS = YES_ERROR;
				CLANG_WARN_UNREACHABLE_CODE = YES;
				CLANG_WARN__DUPLICATE_METHOD_MATCH = YES;
				"CODE_SIGN_IDENTITY[sdk=iphoneos*]" = "iPhone Developer";
				COPY_PHASE_STRIP = NO;
				DEBUG_INFORMATION_FORMAT = dwarf;
				ENABLE_STRICT_OBJC_MSGSEND = YES;
				ENABLE_TESTABILITY = YES;
				GCC_C_LANGUAGE_STANDARD = gnu99;
				GCC_DYNAMIC_NO_PIC = NO;
				GCC_NO_COMMON_BLOCKS = YES;
				GCC_OPTIMIZATION_LEVEL = 0;
				GCC_PREPROCESSOR_DEFINITIONS = (
					"DEBUG=1",
					"$(inherited)",
				);
				GCC_WARN_64_TO_32_BIT_CONVERSION = YES;
				GCC_WARN_ABOUT_RETURN_TYPE = YES_ERROR;
				GCC_WARN_UNDECLARED_SELECTOR = YES;
				GCC_WARN_UNINITIALIZED_AUTOS = YES_AGGRESSIVE;
				GCC_WARN_UNUSED_FUNCTION = YES;
				GCC_WARN_UNUSED_VARIABLE = YES;
				IPHONEOS_DEPLOYMENT_TARGET = 9.2;
				MTL_ENABLE_DEBUG_INFO = YES;
				ONLY_ACTIVE_ARCH = YES;
				SDKROOT = iphoneos;
			};
			name = Debug;
		};
		4F163BBB1D542E7A003D44F8 /* Release */ = {
			isa = XCBuildConfiguration;
			buildSettings = {
				ALWAYS_SEARCH_USER_PATHS = NO;
				CLANG_CXX_LANGUAGE_STANDARD = "gnu++0x";
				CLANG_CXX_LIBRARY = "libc++";
				CLANG_ENABLE_MODULES = YES;
				CLANG_ENABLE_OBJC_ARC = YES;
				CLANG_WARN_BOOL_CONVERSION = YES;
				CLANG_WARN_CONSTANT_CONVERSION = YES;
				CLANG_WARN_DIRECT_OBJC_ISA_USAGE = YES_ERROR;
				CLANG_WARN_EMPTY_BODY = YES;
				CLANG_WARN_ENUM_CONVERSION = YES;
				CLANG_WARN_INT_CONVERSION = YES;
				CLANG_WARN_OBJC_ROOT_CLASS = YES_ERROR;
				CLANG_WARN_UNREACHABLE_CODE = YES;
				CLANG_WARN__DUPLICATE_METHOD_MATCH = YES;
				"CODE_SIGN_IDENTITY[sdk=iphoneos*]" = "iPhone Developer";
				COPY_PHASE_STRIP = NO;
				DEBUG_INFORMATION_FORMAT = "dwarf-with-dsym";
				ENABLE_NS_ASSERTIONS = NO;
				ENABLE_STRICT_OBJC_MSGSEND = YES;
				GCC_C_LANGUAGE_STANDARD = gnu99;
				GCC_NO_COMMON_BLOCKS = YES;
				GCC_WARN_64_TO_32_BIT_CONVERSION = YES;
				GCC_WARN_ABOUT_RETURN_TYPE = YES_ERROR;
				GCC_WARN_UNDECLARED_SELECTOR = YES;
				GCC_WARN_UNINITIALIZED_AUTOS = YES_AGGRESSIVE;
				GCC_WARN_UNUSED_FUNCTION = YES;
				GCC_WARN_UNUSED_VARIABLE = YES;
				IPHONEOS_DEPLOYMENT_TARGET = 9.2;
				MTL_ENABLE_DEBUG_INFO = NO;
				SDKROOT = iphoneos;
				VALIDATE_PRODUCT = YES;
			};
			name = Release;
		};
		4F163BBD1D542E7A003D44F8 /* Debug */ = {
			isa = XCBuildConfiguration;
			buildSettings = {
				ASSETCATALOG_COMPILER_APPICON_NAME = AppIcon;
				DEVELOPMENT_TEAM = GHNG86Z2B3;
				INFOPLIST_FILE = "练习FMDB/Info.plist";
				LD_RUNPATH_SEARCH_PATHS = "$(inherited) @executable_path/Frameworks";
				PRODUCT_BUNDLE_IDENTIFIER = "HT.--FMDB";
				PRODUCT_NAME = "$(TARGET_NAME)";
			};
			name = Debug;
		};
		4F163BBE1D542E7A003D44F8 /* Release */ = {
			isa = XCBuildConfiguration;
			buildSettings = {
				ASSETCATALOG_COMPILER_APPICON_NAME = AppIcon;
				DEVELOPMENT_TEAM = GHNG86Z2B3;
				INFOPLIST_FILE = "练习FMDB/Info.plist";
				LD_RUNPATH_SEARCH_PATHS = "$(inherited) @executable_path/Frameworks";
				PRODUCT_BUNDLE_IDENTIFIER = "HT.--FMDB";
				PRODUCT_NAME = "$(TARGET_NAME)";
			};
			name = Release;
		};
/* End XCBuildConfiguration section */

/* Begin XCConfigurationList section */
		4F163BA01D542E7A003D44F8 /* Build configuration list for PBXProject "练习FMDB" */ = {
			isa = XCConfigurationList;
			buildConfigurations = (
				4F163BBA1D542E7A003D44F8 /* Debug */,
				4F163BBB1D542E7A003D44F8 /* Release */,
			);
			defaultConfigurationIsVisible = 0;
			defaultConfigurationName = Release;
		};
		4F163BBC1D542E7A003D44F8 /* Build configuration list for PBXNativeTarget "练习FMDB" */ = {
			isa = XCConfigurationList;
			buildConfigurations = (
				4F163BBD1D542E7A003D44F8 /* Debug */,
				4F163BBE1D542E7A003D44F8 /* Release */,
			);
			defaultConfigurationIsVisible = 0;
			defaultConfigurationName = Release;
		};
/* End XCConfigurationList section */
	};
	rootObject = 4F163B9D1D542E7A003D44F8 /* Project object */;
}
